
Microsoft Visual Studio Solution File, Format Version 12.00
# Visual Studio Version 17
VisualStudioVersion = 17.0.31903.59
MinimumVisualStudioVersion = 10.0.40219.1
Project("{2150E333-8FDC-42A3-9474-1A3956D46DE8}") = "src", "src", "{827E0CD3-B72D-47B6-A68D-7590B98EB39B}"
EndProject
Project("{FAE04EC0-301F-11D3-BF4B-00C04F79EFBC}") = "DocRAG.Api", "src\DocRAG.Api\DocRAG.Api.csproj", "{1A44F4C3-EC55-4E54-B5D3-477E02230251}"
EndProject
Project("{FAE04EC0-301F-11D3-BF4B-00C04F79EFBC}") = "DocRAG.Core", "src\DocRAG.Core\DocRAG.Core.csproj", "{D243083F-42BD-4897-BD6B-4AB2C17B7FF7}"
EndProject
Project("{FAE04EC0-301F-11D3-BF4B-00C04F79EFBC}") = "DocRAG.Infrastructure", "src\DocRAG.Infrastructure\DocRAG.Infrastructure.csproj", "{E8221725-4D6C-4EFC-A6D9-403622B5F684}"
EndProject
Project("{FAE04EC0-301F-11D3-BF4B-00C04F79EFBC}") = "DocRAG.Ingestion", "src\DocRAG.Ingestion\DocRAG.Ingestion.csproj", "{755A03CC-9408-46DB-8369-951E47F413F3}"
EndProject
Project("{2150E333-8FDC-42A3-9474-1A3956D46DE8}") = "tests", "tests", "{0AB3BF05-4346-4AA6-1389-037BE0695223}"
EndProject
Project("{FAE04EC0-301F-11D3-BF4B-00C04F79EFBC}") = "DocRAG.Eval", "tests\DocRAG.Eval\DocRAG.Eval.csproj", "{4D6830BD-66B1-435C-AB16-AD49E06747D7}"
EndProject
Project("{FAE04EC0-301F-11D3-BF4B-00C04F79EFBC}") = "DocRAG.Tests", "tests\DocRAG.Tests\DocRAG.Tests.csproj", "{B672FE4C-447E-4B0E-9A1C-1EA58A03C2BA}"
EndProject
Global
	GlobalSection(SolutionConfigurationPlatforms) = preSolution
		Debug|Any CPU = Debug|Any CPU
		Debug|x64 = Debug|x64
		Debug|x86 = Debug|x86
		Release|Any CPU = Release|Any CPU
		Release|x64 = Release|x64
		Release|x86 = Release|x86
	EndGlobalSection
	GlobalSection(ProjectConfigurationPlatforms) = postSolution
		{1A44F4C3-EC55-4E54-B5D3-477E02230251}.Debug|Any CPU.ActiveCfg = Debug|Any CPU
		{1A44F4C3-EC55-4E54-B5D3-477E02230251}.Debug|Any CPU.Build.0 = Debug|Any CPU
		{1A44F4C3-EC55-4E54-B5D3-477E02230251}.Debug|x64.ActiveCfg = Debug|Any CPU
		{1A44F4C3-EC55-4E54-B5D3-477E02230251}.Debug|x64.Build.0 = Debug|Any CPU
		{1A44F4C3-EC55-4E54-B5D3-477E02230251}.Debug|x86.ActiveCfg = Debug|Any CPU
		{1A44F4C3-EC55-4E54-B5D3-477E02230251}.Debug|x86.Build.0 = Debug|Any CPU
		{1A44F4C3-EC55-4E54-B5D3-477E02230251}.Release|Any CPU.ActiveCfg = Release|Any CPU
		{1A44F4C3-EC55-4E54-B5D3-477E02230251}.Release|Any CPU.Build.0 = Release|Any CPU
		{1A44F4C3-EC55-4E54-B5D3-477E02230251}.Release|x64.ActiveCfg = Release|Any CPU
		{1A44F4C3-EC55-4E54-B5D3-477E02230251}.Release|x64.Build.0 = Release|Any CPU
		{1A44F4C3-EC55-4E54-B5D3-477E02230251}.Release|x86.ActiveCfg = Release|Any CPU
		{1A44F4C3-EC55-4E54-B5D3-477E02230251}.Release|x86.Build.0 = Release|Any CPU
		{D243083F-42BD-4897-BD6B-4AB2C17B7FF7}.Debug|Any CPU.ActiveCfg = Debug|Any CPU
		{D243083F-42BD-4897-BD6B-4AB2C17B7FF7}.Debug|Any CPU.Build.0 = Debug|Any CPU
		{D243083F-42BD-4897-BD6B-4AB2C17B7FF7}.Debug|x64.ActiveCfg = Debug|Any CPU
		{D243083F-42BD-4897-BD6B-4AB2C17B7FF7}.Debug|x64.Build.0 = Debug|Any CPU
		{D243083F-42BD-4897-BD6B-4AB2C17B7FF7}.Debug|x86.ActiveCfg = Debug|Any CPU
		{D243083F-42BD-4897-BD6B-4AB2C17B7FF7}.Debug|x86.Build.0 = Debug|Any CPU
		{D243083F-42BD-4897-BD6B-4AB2C17B7FF7}.Release|Any CPU.ActiveCfg = Release|Any CPU
		{D243083F-42BD-4897-BD6B-4AB2C17B7FF7}.Release|Any CPU.Build.0 = Release|Any CPU
		{D243083F-42BD-4897-BD6B-4AB2C17B7FF7}.Release|x64.ActiveCfg = Release|Any CPU
		{D243083F-42BD-4897-BD6B-4AB2C17B7FF7}.Release|x64.Build.0 = Release|Any CPU
		{D243083F-42BD-4897-BD6B-4AB2C17B7FF7}.Release|x86.ActiveCfg = Release|Any CPU
		{D243083F-42BD-4897-BD6B-4AB2C17B7FF7}.Release|x86.Build.0 = Release|Any CPU
		{E8221725-4D6C-4EFC-A6D9-403622B5F684}.Debug|Any CPU.ActiveCfg = Debug|Any CPU
		{E8221725-4D6C-4EFC-A6D9-403622B5F684}.Debug|Any CPU.Build.0 = Debug|Any CPU
		{E8221725-4D6C-4EFC-A6D9-403622B5F684}.Debug|x64.ActiveCfg = Debug|Any CPU
		{E8221725-4D6C-4EFC-A6D9-403622B5F684}.Debug|x64.Build.0 = Debug|Any CPU
		{E8221725-4D6C-4EFC-A6D9-403622B5F684}.Debug|x86.ActiveCfg = Debug|Any CPU
		{E8221725-4D6C-4EFC-A6D9-403622B5F684}.Debug|x86.Build.0 = Debug|Any CPU
		{E8221725-4D6C-4EFC-A6D9-403622B5F684}.Release|Any CPU.ActiveCfg = Release|Any CPU
		{E8221725-4D6C-4EFC-A6D9-403622B5F684}.Release|Any CPU.Build.0 = Release|Any CPU
		{E8221725-4D6C-4EFC-A6D9-403622B5F684}.Release|x64.ActiveCfg = Release|Any CPU
		{E8221725-4D6C-4EFC-A6D9-403622B5F684}.Release|x64.Build.0 = Release|Any CPU
		{E8221725-4D6C-4EFC-A6D9-403622B5F684}.Release|x86.ActiveCfg = Release|Any CPU
		{E8221725-4D6C-4EFC-A6D9-403622B5F684}.Release|x86.Build.0 = Release|Any CPU
		{755A03CC-9408-46DB-8369-951E47F413F3}.Debug|Any CPU.ActiveCfg = Debug|Any CPU
		{755A03CC-9408-46DB-8369-951E47F413F3}.Debug|Any CPU.Build.0 = Debug|Any CPU
		{755A03CC-9408-46DB-8369-951E47F413F3}.Debug|x64.ActiveCfg = Debug|Any CPU
		{755A03CC-9408-46DB-8369-951E47F413F3}.Debug|x64.Build.0 = Debug|Any CPU
		{755A03CC-9408-46DB-8369-951E47F413F3}.Debug|x86.ActiveCfg = Debug|Any CPU
		{755A03CC-9408-46DB-8369-951E47F413F3}.Debug|x86.Build.0 = Debug|Any CPU
		{755A03CC-9408-46DB-8369-951E47F413F3}.Release|Any CPU.ActiveCfg = Release|Any CPU
		{755A03CC-9408-46DB-8369-951E47F413F3}.Release|Any CPU.Build.0 = Release|Any CPU
		{755A03CC-9408-46DB-8369-951E47F413F3}.Release|x64.ActiveCfg = Release|Any CPU
		{755A03CC-9408-46DB-8369-951E47F413F3}.Release|x64.Build.0 = Release|Any CPU
		{755A03CC-9408-46DB-8369-951E47F413F3}.Release|x86.ActiveCfg = Release|Any CPU
		{755A03CC-9408-46DB-8369-951E47F413F3}.Release|x86.Build.0 = Release|Any CPU
		{4D6830BD-66B1-435C-AB16-AD49E06747D7}.Debug|Any CPU.ActiveCfg = Debug|Any CPU
		{4D6830BD-66B1-435C-AB16-AD49E06747D7}.Debug|Any CPU.Build.0 = Debug|Any CPU
		{4D6830BD-66B1-435C-AB16-AD49E06747D7}.Debug|x64.ActiveCfg = Debug|Any CPU
		{4D6830BD-66B1-435C-AB16-AD49E06747D7}.Debug|x64.Build.0 = Debug|Any CPU
		{4D6830BD-66B1-435C-AB16-AD49E06747D7}.Debug|x86.ActiveCfg = Debug|Any CPU
		{4D6830BD-66B1-435C-AB16-AD49E06747D7}.Debug|x86.Build.0 = Debug|Any CPU
		{4D6830BD-66B1-435C-AB16-AD49E06747D7}.Release|Any CPU.ActiveCfg = Release|Any CPU
		{4D6830BD-66B1-435C-AB16-AD49E06747D7}.Release|Any CPU.Build.0 = Release|Any CPU
		{4D6830BD-66B1-435C-AB16-AD49E06747D7}.Release|x64.ActiveCfg = Release|Any CPU
		{4D6830BD-66B1-435C-AB16-AD49E06747D7}.Release|x64.Build.0 = Release|Any CPU
		{4D6830BD-66B1-435C-AB16-AD49E06747D7}.Release|x86.ActiveCfg = Release|Any CPU
		{4D6830BD-66B1-435C-AB16-AD49E06747D7}.Release|x86.Build.0 = Release|Any CPU
		{B672FE4C-447E-4B0E-9A1C-1EA58A03C2BA}.Debug|Any CPU.ActiveCfg = Debug|Any CPU
		{B672FE4C-447E-4B0E-9A1C-1EA58A03C2BA}.Debug|Any CPU.Build.0 = Debug|Any CPU
		{B672FE4C-447E-4B0E-9A1C-1EA58A03C2BA}.Debug|x64.ActiveCfg = Debug|Any CPU
		{B672FE4C-447E-4B0E-9A1C-1EA58A03C2BA}.Debug|x64.Build.0 = Debug|Any CPU
		{B672FE4C-447E-4B0E-9A1C-1EA58A03C2BA}.Debug|x86.ActiveCfg = Debug|Any CPU
		{B672FE4C-447E-4B0E-9A1C-1EA58A03C2BA}.Debug|x86.Build.0 = Debug|Any CPU
		{B672FE4C-447E-4B0E-9A1C-1EA58A03C2BA}.Release|Any CPU.ActiveCfg = Release|Any CPU
		{B672FE4C-447E-4B0E-9A1C-1EA58A03C2BA}.Release|Any CPU.Build.0 = Release|Any CPU
		{B672FE4C-447E-4B0E-9A1C-1EA58A03C2BA}.Release|x64.ActiveCfg = Release|Any CPU
		{B672FE4C-447E-4B0E-9A1C-1EA58A03C2BA}.Release|x64.Build.0 = Release|Any CPU
		{B672FE4C-447E-4B0E-9A1C-1EA58A03C2BA}.Release|x86.ActiveCfg = Release|Any CPU
		{B672FE4C-447E-4B0E-9A1C-1EA58A03C2BA}.Release|x86.Build.0 = Release|Any CPU
	EndGlobalSection
	GlobalSection(SolutionProperties) = preSolution
		HideSolutionNode = FALSE
	EndGlobalSection
	GlobalSection(NestedProjects) = preSolution
		{1A44F4C3-EC55-4E54-B5D3-477E02230251} = {827E0CD3-B72D-47B6-A68D-7590B98EB39B}
		{D243083F-42BD-4897-BD6B-4AB2C17B7FF7} = {827E0CD3-B72D-47B6-A68D-7590B98EB39B}
		{E8221725-4D6C-4EFC-A6D9-403622B5F684} = {827E0CD3-B72D-47B6-A68D-7590B98EB39B}
		{755A03CC-9408-46DB-8369-951E47F413F3} = {827E0CD3-B72D-47B6-A68D-7590B98EB39B}
		{4D6830BD-66B1-435C-AB16-AD49E06747D7} = {0AB3BF05-4346-4AA6-1389-037BE0695223}
		{B672FE4C-447E-4B0E-9A1C-1EA58A03C2BA} = {0AB3BF05-4346-4AA6-1389-037BE0695223}
	EndGlobalSection
EndGlobal
